# THIS IS AN AUTOGENERATED FILE. DO NOT EDIT THIS FILE DIRECTLY.
# yarn lockfile v1


"@xmpp/xml@^0.9.1":
  version "0.9.1"
  resolved "https://registry.yarnpkg.com/@xmpp/xml/-/xml-0.9.1.tgz#14664ebad74967f20f03638f3ad18b6933e12b80"
  integrity sha512-1603DMqNfSJ+0bVHph6AbxHZ49oTCmnKaZdhnhnKTKTnPy4YkJrL7sZSgVwWuy4kEDNJbxlnr4VubPU7l4wp2A==
  dependencies:
    ltx "^2.8.1"

asn1@^0.2.4:
  version "0.2.4"
  resolved "https://registry.yarnpkg.com/asn1/-/asn1-0.2.4.tgz#8d2475dfab553bb33e77b54e59e880bb8ce23136"
  integrity sha512-jxwzQpLQjSmWXgwaCZE9Nz+glAG01yF1QnWgbhGwHI5A6FRIEY6IVqtHhIepHqI7/kyEyQEagBC5mBEFlIYvdg==
  dependencies:
    safer-buffer "~2.1.0"

dotenv@^8.2.0:
  version "8.2.0"
  resolved "https://registry.yarnpkg.com/dotenv/-/dotenv-8.2.0.tgz#97e619259ada750eea3e4ea3e26bceea5424b16a"
  integrity sha512-8sJ78ElpbDJBHNeBzUbUVLsqKdccaa/BXF1uPTw3GrvQTBgrQrtObr2mUrE38vzYd8cEv+m/JBfDLioYcfXoaw==

inherits@^2.0.4:
  version "2.0.4"
  resolved "https://registry.yarnpkg.com/inherits/-/inherits-2.0.4.tgz#0fa2c64f932917c3433a0ded55363aae37416b7c"
  integrity sha512-k/vGaX4/Yla3WzyMCvTQOXYeIHvqOKtnqBduzTHpzpQZzAskKMhZ2K+EnBiSM9zGSoIFeMpXKxa4dYeZIQqewQ==

ltx@^2.8.1, ltx@^2.9.2:
  version "2.9.2"
  resolved "https://registry.yarnpkg.com/ltx/-/ltx-2.9.2.tgz#222b28745142b71f66c566f20bb73648f82c0d86"
  integrity sha512-llB7HflFhlfsYYT1SAe80elCBO5C20ryLdwPB/A/BZk38hhVeZztDlWQ9uTyvKNPX4aK6sA+JfS1f/mfzp5cxA==
  dependencies:
    inherits "^2.0.4"

node-rsa@^1.0.7:
  version "1.0.7"
  resolved "https://registry.yarnpkg.com/node-rsa/-/node-rsa-1.0.7.tgz#85b7a6d6fa8ee624be6402a6b41be49272d58055"
  integrity sha512-idwRXma6scFufZmbaKkHpJoLL93yynRefP6yur13wZ5i9FR35ex451KCoF2OORDeJanyRVahmjjiwmUlCnTqJA==
  dependencies:
    asn1 "^0.2.4"

safer-buffer@~2.1.0:
  version "2.1.2"
  resolved "https://registry.yarnpkg.com/safer-buffer/-/safer-buffer-2.1.2.tgz#44fa161b0187b9549dd84bb91802f9bd8385cd6a"
  integrity sha512-YZo3K82SD7Riyi0E1EQPojLz7kpepnSQI9IyPbHHg1XXXevb5dJI7tpyN2ADxGcQbHG7vcyRHk0cbwqcQriUtg==

uuid@^3.3.3:
  version "3.3.3"
  resolved "https://registry.yarnpkg.com/uuid/-/uuid-3.3.3.tgz#4568f0216e78760ee1dbf3a4d2cf53e224112866"
  integrity sha512-pW0No1RGHgzlpHJO1nsVrHKpOEIxkGg1xB+v0ZmdNH5OAeAwzAVrCnI2/6Mtx+Uys6iaylxa+D3g4j63IKKjSQ==
